
Microsoft Visual Studio Solution File, Format Version 12.00
# Visual Studio Version 17
VisualStudioVersion = 17.5.002.0
MinimumVisualStudioVersion = 10.0.40219.1
Project("{9A19103F-16F7-4668-BE54-9A1E7A4F7556}") = "OpenApi.Client", "src\OpenApi.Client\OpenApi.Client.csproj", "{3FBC6663-B59A-4A68-A129-10A97ABE66BC}"
EndProject
Project("{2150E333-8FDC-42A3-9474-1A3956D46DE8}") = "Solution Items", "Solution Items", "{D8B6F9EF-D1AA-4331-804E-39C224975632}"
	ProjectSection(SolutionItems) = preProject
		.editorconfig = .editorconfig
		Directory.Build.props = Directory.Build.props
		Directory.Build.targets = Directory.Build.targets
		Directory.Packages.props = Directory.Packages.props
		LICENSE = LICENSE
		nuget.config = nuget.config
		README.md = README.md
		ThirdPartyNotices.txt = ThirdPartyNotices.txt
	EndProjectSection
EndProject
Project("{9A19103F-16F7-4668-BE54-9A1E7A4F7556}") = "OpenApi.Client.SourceGenerators.Roslyn401", "src\OpenApi.Client.SourceGenerators.Roslyn401\OpenApi.Client.SourceGenerators.Roslyn401.csproj", "{7A1D6A44-DD20-4AD1-95DB-C98F1C0DEA60}"
EndProject
Project("{9A19103F-16F7-4668-BE54-9A1E7A4F7556}") = "OpenApi.Client.SourceGenerators.Roslyn431", "src\OpenApi.Client.SourceGenerators.Roslyn431\OpenApi.Client.SourceGenerators.Roslyn431.csproj", "{BAC41EE8-5516-4D6C-ABBC-1F66CB7ABEC3}"
EndProject
Project("{D954291E-2A0B-460D-934E-DC6B0785DB48}") = "OpenApi.Client.SourceGenerators", "src\OpenApi.Client.SourceGenerators\OpenApi.Client.SourceGenerators.shproj", "{5E7F1212-A54B-40CA-98C5-1FF5CD1A1638}"
EndProject
Project("{2150E333-8FDC-42A3-9474-1A3956D46DE8}") = "Tests", "Tests", "{723E5DFE-E809-4C07-90CC-03F44C29E259}"
EndProject
Project("{9A19103F-16F7-4668-BE54-9A1E7A4F7556}") = "OpenApi.Client.SourceGenerators.Roslyn431.UnitTests", "tests\OpenApi.Client.SourceGenerators.Roslyn431.UnitTests\OpenApi.Client.SourceGenerators.Roslyn431.UnitTests.csproj", "{6F7B2036-2C02-4C10-A788-613B116BE246}"
EndProject
Global
	GlobalSection(SolutionConfigurationPlatforms) = preSolution
		Debug|Any CPU = Debug|Any CPU
		Release|Any CPU = Release|Any CPU
	EndGlobalSection
	GlobalSection(ProjectConfigurationPlatforms) = postSolution
		{3FBC6663-B59A-4A68-A129-10A97ABE66BC}.Debug|Any CPU.ActiveCfg = Debug|Any CPU
		{3FBC6663-B59A-4A68-A129-10A97ABE66BC}.Debug|Any CPU.Build.0 = Debug|Any CPU
		{3FBC6663-B59A-4A68-A129-10A97ABE66BC}.Release|Any CPU.ActiveCfg = Release|Any CPU
		{3FBC6663-B59A-4A68-A129-10A97ABE66BC}.Release|Any CPU.Build.0 = Release|Any CPU
		{7A1D6A44-DD20-4AD1-95DB-C98F1C0DEA60}.Debug|Any CPU.ActiveCfg = Debug|Any CPU
		{7A1D6A44-DD20-4AD1-95DB-C98F1C0DEA60}.Debug|Any CPU.Build.0 = Debug|Any CPU
		{7A1D6A44-DD20-4AD1-95DB-C98F1C0DEA60}.Release|Any CPU.ActiveCfg = Release|Any CPU
		{7A1D6A44-DD20-4AD1-95DB-C98F1C0DEA60}.Release|Any CPU.Build.0 = Release|Any CPU
		{BAC41EE8-5516-4D6C-ABBC-1F66CB7ABEC3}.Debug|Any CPU.ActiveCfg = Debug|Any CPU
		{BAC41EE8-5516-4D6C-ABBC-1F66CB7ABEC3}.Debug|Any CPU.Build.0 = Debug|Any CPU
		{BAC41EE8-5516-4D6C-ABBC-1F66CB7ABEC3}.Release|Any CPU.ActiveCfg = Release|Any CPU
		{BAC41EE8-5516-4D6C-ABBC-1F66CB7ABEC3}.Release|Any CPU.Build.0 = Release|Any CPU
		{6F7B2036-2C02-4C10-A788-613B116BE246}.Debug|Any CPU.ActiveCfg = Debug|Any CPU
		{6F7B2036-2C02-4C10-A788-613B116BE246}.Debug|Any CPU.Build.0 = Debug|Any CPU
		{6F7B2036-2C02-4C10-A788-613B116BE246}.Release|Any CPU.ActiveCfg = Release|Any CPU
		{6F7B2036-2C02-4C10-A788-613B116BE246}.Release|Any CPU.Build.0 = Release|Any CPU
	EndGlobalSection
	GlobalSection(SolutionProperties) = preSolution
		HideSolutionNode = FALSE
	EndGlobalSection
	GlobalSection(NestedProjects) = preSolution
		{6F7B2036-2C02-4C10-A788-613B116BE246} = {723E5DFE-E809-4C07-90CC-03F44C29E259}
	EndGlobalSection
	GlobalSection(ExtensibilityGlobals) = postSolution
		SolutionGuid = {5A90450F-432E-450C-9FE7-4C820639466E}
	EndGlobalSection
	GlobalSection(SharedMSBuildProjectFiles) = preSolution
		src\OpenApi.Client.SourceGenerators\OpenApi.Client.SourceGenerators.projitems*{5e7f1212-a54b-40ca-98c5-1ff5cd1a1638}*SharedItemsImports = 13
		src\OpenApi.Client.SourceGenerators\OpenApi.Client.SourceGenerators.projitems*{7a1d6a44-dd20-4ad1-95db-c98f1c0dea60}*SharedItemsImports = 5
		src\OpenApi.Client.SourceGenerators\OpenApi.Client.SourceGenerators.projitems*{bac41ee8-5516-4d6c-abbc-1f66cb7abec3}*SharedItemsImports = 5
	EndGlobalSection
EndGlobal
